
Microsoft Visual Studio Solution File, Format Version 12.00
# Visual Studio 15
VisualStudioVersion = 15.0.28307.1738
MinimumVisualStudioVersion = 10.0.40219.1
Project("{8BC9CEB8-8B4A-11D0-8D11-00A0C91BC942}") = "p19", "p19\p19.vcxproj", "{7F40842C-ED7B-4716-B481-4F7FA5A9AC67}"
EndProject
Global
	GlobalSection(SolutionConfigurationPlatforms) = preSolution
		Debug|x64 = Debug|x64
		Debug|x86 = Debug|x86
		Release|x64 = Release|x64
		Release|x86 = Release|x86
	EndGlobalSection
	GlobalSection(ProjectConfigurationPlatforms) = postSolution
		{7F40842C-ED7B-4716-B481-4F7FA5A9AC67}.Debug|x64.ActiveCfg = Debug|x64
		{7F40842C-ED7B-4716-B481-4F7FA5A9AC67}.Debug|x64.Build.0 = Debug|x64
		{7F40842C-ED7B-4716-B481-4F7FA5A9AC67}.Debug|x86.ActiveCfg = Debug|Win32
		{7F40842C-ED7B-4716-B481-4F7FA5A9AC67}.Debug|x86.Build.0 = Debug|Win32
		{7F40842C-ED7B-4716-B481-4F7FA5A9AC67}.Release|x64.ActiveCfg = Release|x64
		{7F40842C-ED7B-4716-B481-4F7FA5A9AC67}.Release|x64.Build.0 = Release|x64
		{7F40842C-ED7B-4716-B481-4F7FA5A9AC67}.Release|x86.ActiveCfg = Release|Win32
		{7F40842C-ED7B-4716-B481-4F7FA5A9AC67}.Release|x86.Build.0 = Release|Win32
	EndGlobalSection
	GlobalSection(SolutionProperties) = preSolution
		HideSolutionNode = FALSE
	EndGlobalSection
	GlobalSection(ExtensibilityGlobals) = postSolution
		SolutionGuid = {5854B287-5524-4E12-A67A-BBAD37B51944}
	EndGlobalSection
EndGlobal
